
Microsoft Visual Studio Solution File, Format Version 12.00
# Visual Studio Version 17
VisualStudioVersion = 17.6.33829.357
MinimumVisualStudioVersion = 10.0.40219.1
Project("{FAE04EC0-301F-11D3-BF4B-00C04F79EFBC}") = "QLVT", "QLVT\QLVT.csproj", "{FC0C2FE7-D051-4699-8AAE-C0AD36C5DC22}"
EndProject
Global
	GlobalSection(SolutionConfigurationPlatforms) = preSolution
		Debug|Any CPU = Debug|Any CPU
		Release|Any CPU = Release|Any CPU
	EndGlobalSection
	GlobalSection(ProjectConfigurationPlatforms) = postSolution
		{FC0C2FE7-D051-4699-8AAE-C0AD36C5DC22}.Debug|Any CPU.ActiveCfg = Debug|Any CPU
		{FC0C2FE7-D051-4699-8AAE-C0AD36C5DC22}.Debug|Any CPU.Build.0 = Debug|Any CPU
		{FC0C2FE7-D051-4699-8AAE-C0AD36C5DC22}.Release|Any CPU.ActiveCfg = Release|Any CPU
		{FC0C2FE7-D051-4699-8AAE-C0AD36C5DC22}.Release|Any CPU.Build.0 = Release|Any CPU
	EndGlobalSection
	GlobalSection(SolutionProperties) = preSolution
		HideSolutionNode = FALSE
	EndGlobalSection
	GlobalSection(ExtensibilityGlobals) = postSolution
		SolutionGuid = {7CFA46F7-EFDC-41E0-AEDD-BF47016898A3}
	EndGlobalSection
EndGlobal
